
Microsoft Visual Studio Solution File, Format Version 12.00
# Visual Studio Version 16
VisualStudioVersion = 16.0.31112.23
MinimumVisualStudioVersion = 10.0.40219.1
Project("{FAE04EC0-301F-11D3-BF4B-00C04F79EFBC}") = "HealthCare.Domain", "HealthCare.Domain\HealthCare.Domain.csproj", "{30896394-A57D-43AB-B316-45064684D0BA}"
EndProject
Project("{FAE04EC0-301F-11D3-BF4B-00C04F79EFBC}") = "HealthCare.Api", "HealthCare.Api\HealthCare.Api.csproj", "{1BE88E87-32EA-4DBF-879B-BF0156B43A1F}"
EndProject
Global
	GlobalSection(SolutionConfigurationPlatforms) = preSolution
		Debug|Any CPU = Debug|Any CPU
		Release|Any CPU = Release|Any CPU
	EndGlobalSection
	GlobalSection(ProjectConfigurationPlatforms) = postSolution
		{30896394-A57D-43AB-B316-45064684D0BA}.Debug|Any CPU.ActiveCfg = Debug|Any CPU
		{30896394-A57D-43AB-B316-45064684D0BA}.Debug|Any CPU.Build.0 = Debug|Any CPU
		{30896394-A57D-43AB-B316-45064684D0BA}.Release|Any CPU.ActiveCfg = Release|Any CPU
		{30896394-A57D-43AB-B316-45064684D0BA}.Release|Any CPU.Build.0 = Release|Any CPU
		{1BE88E87-32EA-4DBF-879B-BF0156B43A1F}.Debug|Any CPU.ActiveCfg = Debug|Any CPU
		{1BE88E87-32EA-4DBF-879B-BF0156B43A1F}.Debug|Any CPU.Build.0 = Debug|Any CPU
		{1BE88E87-32EA-4DBF-879B-BF0156B43A1F}.Release|Any CPU.ActiveCfg = Release|Any CPU
		{1BE88E87-32EA-4DBF-879B-BF0156B43A1F}.Release|Any CPU.Build.0 = Release|Any CPU
	EndGlobalSection
	GlobalSection(SolutionProperties) = preSolution
		HideSolutionNode = FALSE
	EndGlobalSection
	GlobalSection(ExtensibilityGlobals) = postSolution
		SolutionGuid = {226E8AE0-00C1-46C1-A034-15DA46459B48}
	EndGlobalSection
EndGlobal
